
Microsoft Visual Studio Solution File, Format Version 12.00
# Visual Studio Version 17
VisualStudioVersion = 17.3.32819.101
MinimumVisualStudioVersion = 10.0.40219.1
Project("{9A19103F-16F7-4668-BE54-9A1E7A4F7556}") = "FinalBulkyBookWeb", "BulkyBookWeb\FinalBulkyBookWeb.csproj", "{8CC9FF7F-D547-4A66-9A6D-318405815B0C}"
EndProject
Project("{9A19103F-16F7-4668-BE54-9A1E7A4F7556}") = "FinalBulkyBook.DataAccess", "FinalBulkyBook.DataAccess\FinalBulkyBook.DataAccess.csproj", "{B1751D74-4104-4360-9102-099868395A7B}"
EndProject
Project("{9A19103F-16F7-4668-BE54-9A1E7A4F7556}") = "FinalBulkyBook.Models", "FinalBulkyBook.Models\FinalBulkyBook.Models.csproj", "{C6184610-91F2-4746-8DA6-8B5406B6F589}"
EndProject
Project("{9A19103F-16F7-4668-BE54-9A1E7A4F7556}") = "FinalBulkyBook.Utility", "FinalBulkyBook.Utility\FinalBulkyBook.Utility.csproj", "{969240F9-17DA-4A0E-BCE7-3986293B5A83}"
EndProject
Global
	GlobalSection(SolutionConfigurationPlatforms) = preSolution
		Debug|Any CPU = Debug|Any CPU
		Release|Any CPU = Release|Any CPU
	EndGlobalSection
	GlobalSection(ProjectConfigurationPlatforms) = postSolution
		{8CC9FF7F-D547-4A66-9A6D-318405815B0C}.Debug|Any CPU.ActiveCfg = Debug|Any CPU
		{8CC9FF7F-D547-4A66-9A6D-318405815B0C}.Debug|Any CPU.Build.0 = Debug|Any CPU
		{8CC9FF7F-D547-4A66-9A6D-318405815B0C}.Release|Any CPU.ActiveCfg = Release|Any CPU
		{8CC9FF7F-D547-4A66-9A6D-318405815B0C}.Release|Any CPU.Build.0 = Release|Any CPU
		{B1751D74-4104-4360-9102-099868395A7B}.Debug|Any CPU.ActiveCfg = Debug|Any CPU
		{B1751D74-4104-4360-9102-099868395A7B}.Debug|Any CPU.Build.0 = Debug|Any CPU
		{B1751D74-4104-4360-9102-099868395A7B}.Release|Any CPU.ActiveCfg = Release|Any CPU
		{B1751D74-4104-4360-9102-099868395A7B}.Release|Any CPU.Build.0 = Release|Any CPU
		{C6184610-91F2-4746-8DA6-8B5406B6F589}.Debug|Any CPU.ActiveCfg = Debug|Any CPU
		{C6184610-91F2-4746-8DA6-8B5406B6F589}.Debug|Any CPU.Build.0 = Debug|Any CPU
		{C6184610-91F2-4746-8DA6-8B5406B6F589}.Release|Any CPU.ActiveCfg = Release|Any CPU
		{C6184610-91F2-4746-8DA6-8B5406B6F589}.Release|Any CPU.Build.0 = Release|Any CPU
		{969240F9-17DA-4A0E-BCE7-3986293B5A83}.Debug|Any CPU.ActiveCfg = Debug|Any CPU
		{969240F9-17DA-4A0E-BCE7-3986293B5A83}.Debug|Any CPU.Build.0 = Debug|Any CPU
		{969240F9-17DA-4A0E-BCE7-3986293B5A83}.Release|Any CPU.ActiveCfg = Release|Any CPU
		{969240F9-17DA-4A0E-BCE7-3986293B5A83}.Release|Any CPU.Build.0 = Release|Any CPU
	EndGlobalSection
	GlobalSection(SolutionProperties) = preSolution
		HideSolutionNode = FALSE
	EndGlobalSection
	GlobalSection(ExtensibilityGlobals) = postSolution
		SolutionGuid = {BC695F45-78B9-4791-883A-EAA7AB0C0160}
	EndGlobalSection
EndGlobal
